
Microsoft Visual Studio Solution File, Format Version 12.00
# Visual Studio 2012
Project("{FAE04EC0-301F-11D3-BF4B-00C04F79EFBC}") = "Programa 3", "Programa 3\Programa 3.csproj", "{5196FA70-9F68-429B-B362-864339E9E29C}"
EndProject
Global
	GlobalSection(SolutionConfigurationPlatforms) = preSolution
		Debug|Any CPU = Debug|Any CPU
		Release|Any CPU = Release|Any CPU
	EndGlobalSection
	GlobalSection(ProjectConfigurationPlatforms) = postSolution
		{5196FA70-9F68-429B-B362-864339E9E29C}.Debug|Any CPU.ActiveCfg = Debug|Any CPU
		{5196FA70-9F68-429B-B362-864339E9E29C}.Debug|Any CPU.Build.0 = Debug|Any CPU
		{5196FA70-9F68-429B-B362-864339E9E29C}.Release|Any CPU.ActiveCfg = Release|Any CPU
		{5196FA70-9F68-429B-B362-864339E9E29C}.Release|Any CPU.Build.0 = Release|Any CPU
	EndGlobalSection
	GlobalSection(SolutionProperties) = preSolution
		HideSolutionNode = FALSE
	EndGlobalSection
EndGlobal
